
Microsoft Visual Studio Solution File, Format Version 12.00
# Visual Studio 15
VisualStudioVersion = 15.0.27130.0
MinimumVisualStudioVersion = 10.0.40219.1
Project("{FAE04EC0-301F-11D3-BF4B-00C04F79EFBC}") = "Xameteo.Android", "Xameteo\Xameteo.Android\Xameteo.Android.csproj", "{44E36FD6-D470-4925-AA1D-7E3AB695DC72}"
EndProject
Project("{FAE04EC0-301F-11D3-BF4B-00C04F79EFBC}") = "Xameteo", "Xameteo\Xameteo\Xameteo.csproj", "{C487DA75-9B98-40A0-A91D-303FFD6E802D}"
EndProject
Project("{FAE04EC0-301F-11D3-BF4B-00C04F79EFBC}") = "Xameteo.iOS", "Xameteo\Xameteo.iOS\Xameteo.iOS.csproj", "{12029B5F-2C8E-490C-9FBF-006797F0E54D}"
EndProject
Global
	GlobalSection(SolutionConfigurationPlatforms) = preSolution
		Ad-Hoc|Any CPU = Ad-Hoc|Any CPU
		Ad-Hoc|ARM = Ad-Hoc|ARM
		Ad-Hoc|iPhone = Ad-Hoc|iPhone
		Ad-Hoc|iPhoneSimulator = Ad-Hoc|iPhoneSimulator
		Ad-Hoc|x64 = Ad-Hoc|x64
		Ad-Hoc|x86 = Ad-Hoc|x86
		AppStore|Any CPU = AppStore|Any CPU
		AppStore|ARM = AppStore|ARM
		AppStore|iPhone = AppStore|iPhone
		AppStore|iPhoneSimulator = AppStore|iPhoneSimulator
		AppStore|x64 = AppStore|x64
		AppStore|x86 = AppStore|x86
		Debug|Any CPU = Debug|Any CPU
		Debug|ARM = Debug|ARM
		Debug|iPhone = Debug|iPhone
		Debug|iPhoneSimulator = Debug|iPhoneSimulator
		Debug|x64 = Debug|x64
		Debug|x86 = Debug|x86
		Release|Any CPU = Release|Any CPU
		Release|ARM = Release|ARM
		Release|iPhone = Release|iPhone
		Release|iPhoneSimulator = Release|iPhoneSimulator
		Release|x64 = Release|x64
		Release|x86 = Release|x86
	EndGlobalSection
	GlobalSection(ProjectConfigurationPlatforms) = postSolution
		{44E36FD6-D470-4925-AA1D-7E3AB695DC72}.Ad-Hoc|Any CPU.ActiveCfg = Release|Any CPU
		{44E36FD6-D470-4925-AA1D-7E3AB695DC72}.Ad-Hoc|Any CPU.Build.0 = Release|Any CPU
		{44E36FD6-D470-4925-AA1D-7E3AB695DC72}.Ad-Hoc|Any CPU.Deploy.0 = Release|Any CPU
		{44E36FD6-D470-4925-AA1D-7E3AB695DC72}.Ad-Hoc|ARM.ActiveCfg = Release|Any CPU
		{44E36FD6-D470-4925-AA1D-7E3AB695DC72}.Ad-Hoc|ARM.Build.0 = Release|Any CPU
		{44E36FD6-D470-4925-AA1D-7E3AB695DC72}.Ad-Hoc|ARM.Deploy.0 = Release|Any CPU
		{44E36FD6-D470-4925-AA1D-7E3AB695DC72}.Ad-Hoc|iPhone.ActiveCfg = Release|Any CPU
		{44E36FD6-D470-4925-AA1D-7E3AB695DC72}.Ad-Hoc|iPhone.Build.0 = Release|Any CPU
		{44E36FD6-D470-4925-AA1D-7E3AB695DC72}.Ad-Hoc|iPhone.Deploy.0 = Release|Any CPU
		{44E36FD6-D470-4925-AA1D-7E3AB695DC72}.Ad-Hoc|iPhoneSimulator.ActiveCfg = Release|Any CPU
		{44E36FD6-D470-4925-AA1D-7E3AB695DC72}.Ad-Hoc|iPhoneSimulator.Build.0 = Release|Any CPU
		{44E36FD6-D470-4925-AA1D-7E3AB695DC72}.Ad-Hoc|iPhoneSimulator.Deploy.0 = Release|Any CPU
		{44E36FD6-D470-4925-AA1D-7E3AB695DC72}.Ad-Hoc|x64.ActiveCfg = Release|Any CPU
		{44E36FD6-D470-4925-AA1D-7E3AB695DC72}.Ad-Hoc|x64.Build.0 = Release|Any CPU
		{44E36FD6-D470-4925-AA1D-7E3AB695DC72}.Ad-Hoc|x64.Deploy.0 = Release|Any CPU
		{44E36FD6-D470-4925-AA1D-7E3AB695DC72}.Ad-Hoc|x86.ActiveCfg = Release|Any CPU
		{44E36FD6-D470-4925-AA1D-7E3AB695DC72}.Ad-Hoc|x86.Build.0 = Release|Any CPU
		{44E36FD6-D470-4925-AA1D-7E3AB695DC72}.Ad-Hoc|x86.Deploy.0 = Release|Any CPU
		{44E36FD6-D470-4925-AA1D-7E3AB695DC72}.AppStore|Any CPU.ActiveCfg = Release|Any CPU
		{44E36FD6-D470-4925-AA1D-7E3AB695DC72}.AppStore|Any CPU.Build.0 = Release|Any CPU
		{44E36FD6-D470-4925-AA1D-7E3AB695DC72}.AppStore|Any CPU.Deploy.0 = Release|Any CPU
		{44E36FD6-D470-4925-AA1D-7E3AB695DC72}.AppStore|ARM.ActiveCfg = Release|Any CPU
		{44E36FD6-D470-4925-AA1D-7E3AB695DC72}.AppStore|ARM.Build.0 = Release|Any CPU
		{44E36FD6-D470-4925-AA1D-7E3AB695DC72}.AppStore|ARM.Deploy.0 = Release|Any CPU
		{44E36FD6-D470-4925-AA1D-7E3AB695DC72}.AppStore|iPhone.ActiveCfg = Release|Any CPU
		{44E36FD6-D470-4925-AA1D-7E3AB695DC72}.AppStore|iPhone.Build.0 = Release|Any CPU
		{44E36FD6-D470-4925-AA1D-7E3AB695DC72}.AppStore|iPhone.Deploy.0 = Release|Any CPU
		{44E36FD6-D470-4925-AA1D-7E3AB695DC72}.AppStore|iPhoneSimulator.ActiveCfg = Release|Any CPU
		{44E36FD6-D470-4925-AA1D-7E3AB695DC72}.AppStore|iPhoneSimulator.Build.0 = Release|Any CPU
		{44E36FD6-D470-4925-AA1D-7E3AB695DC72}.AppStore|iPhoneSimulator.Deploy.0 = Release|Any CPU
		{44E36FD6-D470-4925-AA1D-7E3AB695DC72}.AppStore|x64.ActiveCfg = Release|Any CPU
		{44E36FD6-D470-4925-AA1D-7E3AB695DC72}.AppStore|x64.Build.0 = Release|Any CPU
		{44E36FD6-D470-4925-AA1D-7E3AB695DC72}.AppStore|x64.Deploy.0 = Release|Any CPU
		{44E36FD6-D470-4925-AA1D-7E3AB695DC72}.AppStore|x86.ActiveCfg = Release|Any CPU
		{44E36FD6-D470-4925-AA1D-7E3AB695DC72}.AppStore|x86.Build.0 = Release|Any CPU
		{44E36FD6-D470-4925-AA1D-7E3AB695DC72}.AppStore|x86.Deploy.0 = Release|Any CPU
		{44E36FD6-D470-4925-AA1D-7E3AB695DC72}.Debug|Any CPU.ActiveCfg = Debug|Any CPU
		{44E36FD6-D470-4925-AA1D-7E3AB695DC72}.Debug|Any CPU.Build.0 = Debug|Any CPU
		{44E36FD6-D470-4925-AA1D-7E3AB695DC72}.Debug|Any CPU.Deploy.0 = Debug|Any CPU
		{44E36FD6-D470-4925-AA1D-7E3AB695DC72}.Debug|ARM.ActiveCfg = Debug|Any CPU
		{44E36FD6-D470-4925-AA1D-7E3AB695DC72}.Debug|ARM.Build.0 = Debug|Any CPU
		{44E36FD6-D470-4925-AA1D-7E3AB695DC72}.Debug|ARM.Deploy.0 = Debug|Any CPU
		{44E36FD6-D470-4925-AA1D-7E3AB695DC72}.Debug|iPhone.ActiveCfg = Debug|Any CPU
		{44E36FD6-D470-4925-AA1D-7E3AB695DC72}.Debug|iPhone.Build.0 = Debug|Any CPU
		{44E36FD6-D470-4925-AA1D-7E3AB695DC72}.Debug|iPhone.Deploy.0 = Debug|Any CPU
		{44E36FD6-D470-4925-AA1D-7E3AB695DC72}.Debug|iPhoneSimulator.ActiveCfg = Debug|Any CPU
		{44E36FD6-D470-4925-AA1D-7E3AB695DC72}.Debug|iPhoneSimulator.Build.0 = Debug|Any CPU
		{44E36FD6-D470-4925-AA1D-7E3AB695DC72}.Debug|iPhoneSimulator.Deploy.0 = Debug|Any CPU
		{44E36FD6-D470-4925-AA1D-7E3AB695DC72}.Debug|x64.ActiveCfg = Debug|Any CPU
		{44E36FD6-D470-4925-AA1D-7E3AB695DC72}.Debug|x64.Build.0 = Debug|Any CPU
		{44E36FD6-D470-4925-AA1D-7E3AB695DC72}.Debug|x64.Deploy.0 = Debug|Any CPU
		{44E36FD6-D470-4925-AA1D-7E3AB695DC72}.Debug|x86.ActiveCfg = Debug|Any CPU
		{44E36FD6-D470-4925-AA1D-7E3AB695DC72}.Debug|x86.Build.0 = Debug|Any CPU
		{44E36FD6-D470-4925-AA1D-7E3AB695DC72}.Debug|x86.Deploy.0 = Debug|Any CPU
		{44E36FD6-D470-4925-AA1D-7E3AB695DC72}.Release|Any CPU.ActiveCfg = Release|Any CPU
		{44E36FD6-D470-4925-AA1D-7E3AB695DC72}.Release|Any CPU.Build.0 = Release|Any CPU
		{44E36FD6-D470-4925-AA1D-7E3AB695DC72}.Release|Any CPU.Deploy.0 = Release|Any CPU
		{44E36FD6-D470-4925-AA1D-7E3AB695DC72}.Release|ARM.ActiveCfg = Release|Any CPU
		{44E36FD6-D470-4925-AA1D-7E3AB695DC72}.Release|ARM.Build.0 = Release|Any CPU
		{44E36FD6-D470-4925-AA1D-7E3AB695DC72}.Release|ARM.Deploy.0 = Release|Any CPU
		{44E36FD6-D470-4925-AA1D-7E3AB695DC72}.Release|iPhone.ActiveCfg = Release|Any CPU
		{44E36FD6-D470-4925-AA1D-7E3AB695DC72}.Release|iPhone.Build.0 = Release|Any CPU
		{44E36FD6-D470-4925-AA1D-7E3AB695DC72}.Release|iPhone.Deploy.0 = Release|Any CPU
		{44E36FD6-D470-4925-AA1D-7E3AB695DC72}.Release|iPhoneSimulator.ActiveCfg = Release|Any CPU
		{44E36FD6-D470-4925-AA1D-7E3AB695DC72}.Release|iPhoneSimulator.Build.0 = Release|Any CPU
		{44E36FD6-D470-4925-AA1D-7E3AB695DC72}.Release|iPhoneSimulator.Deploy.0 = Release|Any CPU
		{44E36FD6-D470-4925-AA1D-7E3AB695DC72}.Release|x64.ActiveCfg = Release|Any CPU
		{44E36FD6-D470-4925-AA1D-7E3AB695DC72}.Release|x64.Build.0 = Release|Any CPU
		{44E36FD6-D470-4925-AA1D-7E3AB695DC72}.Release|x64.Deploy.0 = Release|Any CPU
		{44E36FD6-D470-4925-AA1D-7E3AB695DC72}.Release|x86.ActiveCfg = Release|Any CPU
		{44E36FD6-D470-4925-AA1D-7E3AB695DC72}.Release|x86.Build.0 = Release|Any CPU
		{44E36FD6-D470-4925-AA1D-7E3AB695DC72}.Release|x86.Deploy.0 = Release|Any CPU
		{C487DA75-9B98-40A0-A91D-303FFD6E802D}.Ad-Hoc|Any CPU.ActiveCfg = Release|Any CPU
		{C487DA75-9B98-40A0-A91D-303FFD6E802D}.Ad-Hoc|Any CPU.Build.0 = Release|Any CPU
		{C487DA75-9B98-40A0-A91D-303FFD6E802D}.Ad-Hoc|ARM.ActiveCfg = Release|Any CPU
		{C487DA75-9B98-40A0-A91D-303FFD6E802D}.Ad-Hoc|ARM.Build.0 = Release|Any CPU
		{C487DA75-9B98-40A0-A91D-303FFD6E802D}.Ad-Hoc|iPhone.ActiveCfg = Release|Any CPU
		{C487DA75-9B98-40A0-A91D-303FFD6E802D}.Ad-Hoc|iPhone.Build.0 = Release|Any CPU
		{C487DA75-9B98-40A0-A91D-303FFD6E802D}.Ad-Hoc|iPhoneSimulator.ActiveCfg = Release|Any CPU
		{C487DA75-9B98-40A0-A91D-303FFD6E802D}.Ad-Hoc|iPhoneSimulator.Build.0 = Release|Any CPU
		{C487DA75-9B98-40A0-A91D-303FFD6E802D}.Ad-Hoc|x64.ActiveCfg = Release|Any CPU
		{C487DA75-9B98-40A0-A91D-303FFD6E802D}.Ad-Hoc|x64.Build.0 = Release|Any CPU
		{C487DA75-9B98-40A0-A91D-303FFD6E802D}.Ad-Hoc|x86.ActiveCfg = Release|Any CPU
		{C487DA75-9B98-40A0-A91D-303FFD6E802D}.Ad-Hoc|x86.Build.0 = Release|Any CPU
		{C487DA75-9B98-40A0-A91D-303FFD6E802D}.AppStore|Any CPU.ActiveCfg = Release|Any CPU
		{C487DA75-9B98-40A0-A91D-303FFD6E802D}.AppStore|Any CPU.Build.0 = Release|Any CPU
		{C487DA75-9B98-40A0-A91D-303FFD6E802D}.AppStore|ARM.ActiveCfg = Release|Any CPU
		{C487DA75-9B98-40A0-A91D-303FFD6E802D}.AppStore|ARM.Build.0 = Release|Any CPU
		{C487DA75-9B98-40A0-A91D-303FFD6E802D}.AppStore|iPhone.ActiveCfg = Release|Any CPU
		{C487DA75-9B98-40A0-A91D-303FFD6E802D}.AppStore|iPhone.Build.0 = Release|Any CPU
		{C487DA75-9B98-40A0-A91D-303FFD6E802D}.AppStore|iPhoneSimulator.ActiveCfg = Release|Any CPU
		{C487DA75-9B98-40A0-A91D-303FFD6E802D}.AppStore|iPhoneSimulator.Build.0 = Release|Any CPU
		{C487DA75-9B98-40A0-A91D-303FFD6E802D}.AppStore|x64.ActiveCfg = Release|Any CPU
		{C487DA75-9B98-40A0-A91D-303FFD6E802D}.AppStore|x64.Build.0 = Release|Any CPU
		{C487DA75-9B98-40A0-A91D-303FFD6E802D}.AppStore|x86.ActiveCfg = Release|Any CPU
		{C487DA75-9B98-40A0-A91D-303FFD6E802D}.AppStore|x86.Build.0 = Release|Any CPU
		{C487DA75-9B98-40A0-A91D-303FFD6E802D}.Debug|Any CPU.ActiveCfg = Debug|Any CPU
		{C487DA75-9B98-40A0-A91D-303FFD6E802D}.Debug|Any CPU.Build.0 = Debug|Any CPU
		{C487DA75-9B98-40A0-A91D-303FFD6E802D}.Debug|ARM.ActiveCfg = Debug|Any CPU
		{C487DA75-9B98-40A0-A91D-303FFD6E802D}.Debug|ARM.Build.0 = Debug|Any CPU
		{C487DA75-9B98-40A0-A91D-303FFD6E802D}.Debug|iPhone.ActiveCfg = Debug|Any CPU
		{C487DA75-9B98-40A0-A91D-303FFD6E802D}.Debug|iPhone.Build.0 = Debug|Any CPU
		{C487DA75-9B98-40A0-A91D-303FFD6E802D}.Debug|iPhoneSimulator.ActiveCfg = Debug|Any CPU
		{C487DA75-9B98-40A0-A91D-303FFD6E802D}.Debug|iPhoneSimulator.Build.0 = Debug|Any CPU
		{C487DA75-9B98-40A0-A91D-303FFD6E802D}.Debug|x64.ActiveCfg = Debug|Any CPU
		{C487DA75-9B98-40A0-A91D-303FFD6E802D}.Debug|x64.Build.0 = Debug|Any CPU
		{C487DA75-9B98-40A0-A91D-303FFD6E802D}.Debug|x86.ActiveCfg = Debug|Any CPU
		{C487DA75-9B98-40A0-A91D-303FFD6E802D}.Debug|x86.Build.0 = Debug|Any CPU
		{C487DA75-9B98-40A0-A91D-303FFD6E802D}.Release|Any CPU.ActiveCfg = Release|Any CPU
		{C487DA75-9B98-40A0-A91D-303FFD6E802D}.Release|Any CPU.Build.0 = Release|Any CPU
		{C487DA75-9B98-40A0-A91D-303FFD6E802D}.Release|ARM.ActiveCfg = Release|Any CPU
		{C487DA75-9B98-40A0-A91D-303FFD6E802D}.Release|ARM.Build.0 = Release|Any CPU
		{C487DA75-9B98-40A0-A91D-303FFD6E802D}.Release|iPhone.ActiveCfg = Release|Any CPU
		{C487DA75-9B98-40A0-A91D-303FFD6E802D}.Release|iPhone.Build.0 = Release|Any CPU
		{C487DA75-9B98-40A0-A91D-303FFD6E802D}.Release|iPhoneSimulator.ActiveCfg = Release|Any CPU
		{C487DA75-9B98-40A0-A91D-303FFD6E802D}.Release|iPhoneSimulator.Build.0 = Release|Any CPU
		{C487DA75-9B98-40A0-A91D-303FFD6E802D}.Release|x64.ActiveCfg = Release|Any CPU
		{C487DA75-9B98-40A0-A91D-303FFD6E802D}.Release|x64.Build.0 = Release|Any CPU
		{C487DA75-9B98-40A0-A91D-303FFD6E802D}.Release|x86.ActiveCfg = Release|Any CPU
		{C487DA75-9B98-40A0-A91D-303FFD6E802D}.Release|x86.Build.0 = Release|Any CPU
		{12029B5F-2C8E-490C-9FBF-006797F0E54D}.Ad-Hoc|Any CPU.ActiveCfg = Ad-Hoc|iPhoneSimulator
		{12029B5F-2C8E-490C-9FBF-006797F0E54D}.Ad-Hoc|ARM.ActiveCfg = Ad-Hoc|iPhone
		{12029B5F-2C8E-490C-9FBF-006797F0E54D}.Ad-Hoc|iPhone.ActiveCfg = Ad-Hoc|iPhone
		{12029B5F-2C8E-490C-9FBF-006797F0E54D}.Ad-Hoc|iPhone.Build.0 = Ad-Hoc|iPhone
		{12029B5F-2C8E-490C-9FBF-006797F0E54D}.Ad-Hoc|iPhoneSimulator.ActiveCfg = Ad-Hoc|iPhoneSimulator
		{12029B5F-2C8E-490C-9FBF-006797F0E54D}.Ad-Hoc|iPhoneSimulator.Build.0 = Ad-Hoc|iPhoneSimulator
		{12029B5F-2C8E-490C-9FBF-006797F0E54D}.Ad-Hoc|x64.ActiveCfg = Ad-Hoc|iPhone
		{12029B5F-2C8E-490C-9FBF-006797F0E54D}.Ad-Hoc|x86.ActiveCfg = Ad-Hoc|iPhone
		{12029B5F-2C8E-490C-9FBF-006797F0E54D}.AppStore|Any CPU.ActiveCfg = AppStore|iPhoneSimulator
		{12029B5F-2C8E-490C-9FBF-006797F0E54D}.AppStore|ARM.ActiveCfg = AppStore|iPhone
		{12029B5F-2C8E-490C-9FBF-006797F0E54D}.AppStore|iPhone.ActiveCfg = AppStore|iPhone
		{12029B5F-2C8E-490C-9FBF-006797F0E54D}.AppStore|iPhone.Build.0 = AppStore|iPhone
		{12029B5F-2C8E-490C-9FBF-006797F0E54D}.AppStore|iPhoneSimulator.ActiveCfg = AppStore|iPhoneSimulator
		{12029B5F-2C8E-490C-9FBF-006797F0E54D}.AppStore|iPhoneSimulator.Build.0 = AppStore|iPhoneSimulator
		{12029B5F-2C8E-490C-9FBF-006797F0E54D}.AppStore|x64.ActiveCfg = AppStore|iPhone
		{12029B5F-2C8E-490C-9FBF-006797F0E54D}.AppStore|x86.ActiveCfg = AppStore|iPhone
		{12029B5F-2C8E-490C-9FBF-006797F0E54D}.Debug|Any CPU.ActiveCfg = Debug|iPhoneSimulator
		{12029B5F-2C8E-490C-9FBF-006797F0E54D}.Debug|ARM.ActiveCfg = Debug|iPhone
		{12029B5F-2C8E-490C-9FBF-006797F0E54D}.Debug|iPhone.ActiveCfg = Debug|iPhone
		{12029B5F-2C8E-490C-9FBF-006797F0E54D}.Debug|iPhone.Build.0 = Debug|iPhone
		{12029B5F-2C8E-490C-9FBF-006797F0E54D}.Debug|iPhoneSimulator.ActiveCfg = Debug|iPhoneSimulator
		{12029B5F-2C8E-490C-9FBF-006797F0E54D}.Debug|iPhoneSimulator.Build.0 = Debug|iPhoneSimulator
		{12029B5F-2C8E-490C-9FBF-006797F0E54D}.Debug|x64.ActiveCfg = Debug|iPhone
		{12029B5F-2C8E-490C-9FBF-006797F0E54D}.Debug|x86.ActiveCfg = Debug|iPhone
		{12029B5F-2C8E-490C-9FBF-006797F0E54D}.Release|Any CPU.ActiveCfg = Release|iPhoneSimulator
		{12029B5F-2C8E-490C-9FBF-006797F0E54D}.Release|ARM.ActiveCfg = Release|iPhone
		{12029B5F-2C8E-490C-9FBF-006797F0E54D}.Release|iPhone.ActiveCfg = Release|iPhone
		{12029B5F-2C8E-490C-9FBF-006797F0E54D}.Release|iPhone.Build.0 = Release|iPhone
		{12029B5F-2C8E-490C-9FBF-006797F0E54D}.Release|iPhoneSimulator.ActiveCfg = Release|iPhoneSimulator
		{12029B5F-2C8E-490C-9FBF-006797F0E54D}.Release|iPhoneSimulator.Build.0 = Release|iPhoneSimulator
		{12029B5F-2C8E-490C-9FBF-006797F0E54D}.Release|x64.ActiveCfg = Release|iPhone
		{12029B5F-2C8E-490C-9FBF-006797F0E54D}.Release|x86.ActiveCfg = Release|iPhone
	EndGlobalSection
	GlobalSection(SolutionProperties) = preSolution
		HideSolutionNode = FALSE
	EndGlobalSection
	GlobalSection(ExtensibilityGlobals) = postSolution
		SolutionGuid = {F7779C06-ECC1-4CA9-8266-EE06C32D29D0}
	EndGlobalSection
EndGlobal
